// !$*UTF8*$!
{
	archiveVersion = 1;
	classes = {
	};
	objectVersion = 50;
	objects = {

/* Begin PBXBuildFile section */
		46BD2E09267B8F1D00E81A56 /* AppDelegate.swift in Sources */ = {isa = PBXBuildFile; fileRef = 46BD2E08267B8F1D00E81A56 /* AppDelegate.swift */; };
		46BD2E0B267B8F1D00E81A56 /* SceneDelegate.swift in Sources */ = {isa = PBXBuildFile; fileRef = 46BD2E0A267B8F1D00E81A56 /* SceneDelegate.swift */; };
		46BD2E0D267B8F1D00E81A56 /* ViewController.swift in Sources */ = {isa = PBXBuildFile; fileRef = 46BD2E0C267B8F1D00E81A56 /* ViewController.swift */; };
		46BD2E10267B8F1D00E81A56 /* Main.storyboard in Resources */ = {isa = PBXBuildFile; fileRef = 46BD2E0E267B8F1D00E81A56 /* Main.storyboard */; };
		46BD2E12267B8F1E00E81A56 /* Assets.xcassets in Resources */ = {isa = PBXBuildFile; fileRef = 46BD2E11267B8F1E00E81A56 /* Assets.xcassets */; };
		46BD2E15267B8F1E00E81A56 /* LaunchScreen.storyboard in Resources */ = {isa = PBXBuildFile; fileRef = 46BD2E13267B8F1E00E81A56 /* LaunchScreen.storyboard */; };
		46BD2E1E267B8F3300E81A56 /* BSimpleToast.swift in Sources */ = {isa = PBXBuildFile; fileRef = 46BD2E1D267B8F3300E81A56 /* BSimpleToast.swift */; };
/* End PBXBuildFile section */

/* Begin PBXFileReference section */
		46BD2E05267B8F1D00E81A56 /* BSimpleToast.app */ = {isa = PBXFileReference; explicitFileType = wrapper.application; includeInIndex = 0; path = BSimpleToast.app; sourceTree = BUILT_PRODUCTS_DIR; };
		46BD2E08267B8F1D00E81A56 /* AppDelegate.swift */ = {isa = PBXFileReference; lastKnownFileType = sourcecode.swift; path = AppDelegate.swift; sourceTree = "<group>"; };
		46BD2E0A267B8F1D00E81A56 /* SceneDelegate.swift */ = {isa = PBXFileReference; lastKnownFileType = sourcecode.swift; path = SceneDelegate.swift; sourceTree = "<group>"; };
		46BD2E0C267B8F1D00E81A56 /* ViewController.swift */ = {isa = PBXFileReference; lastKnownFileType = sourcecode.swift; path = ViewController.swift; sourceTree = "<group>"; };
		46BD2E0F267B8F1D00E81A56 /* Base */ = {isa = PBXFileReference; lastKnownFileType = file.storyboard; name = Base; path = Base.lproj/Main.storyboard; sourceTree = "<group>"; };
		46BD2E11267B8F1E00E81A56 /* Assets.xcassets */ = {isa = PBXFileReference; lastKnownFileType = folder.assetcatalog; path = Assets.xcassets; sourceTree = "<group>"; };
		46BD2E14267B8F1E00E81A56 /* Base */ = {isa = PBXFileReference; lastKnownFileType = file.storyboard; name = Base; path = Base.lproj/LaunchScreen.storyboard; sourceTree = "<group>"; };
		46BD2E16267B8F1E00E81A56 /* Info.plist */ = {isa = PBXFileReference; lastKnownFileType = text.plist.xml; path = Info.plist; sourceTree = "<group>"; };
		46BD2E1D267B8F3300E81A56 /* BSimpleToast.swift */ = {isa = PBXFileReference; lastKnownFileType = sourcecode.swift; path = BSimpleToast.swift; sourceTree = "<group>"; };
/* End PBXFileReference section */

/* Begin PBXFrameworksBuildPhase section */
		46BD2E02267B8F1D00E81A56 /* Frameworks */ = {
			isa = PBXFrameworksBuildPhase;
			buildActionMask = 2147483647;
			files = (
			);
			runOnlyForDeploymentPostprocessing = 0;
		};
/* End PBXFrameworksBuildPhase section */

/* Begin PBXGroup section */
		46BD2DFC267B8F1D00E81A56 = {
			isa = PBXGroup;
			children = (
				46BD2E07267B8F1D00E81A56 /* BSimpleToast */,
				46BD2E06267B8F1D00E81A56 /* Products */,
			);
			sourceTree = "<group>";
		};
		46BD2E06267B8F1D00E81A56 /* Products */ = {
			isa = PBXGroup;
			children = (
				46BD2E05267B8F1D00E81A56 /* BSimpleToast.app */,
			);
			name = Products;
			sourceTree = "<group>";
		};
		46BD2E07267B8F1D00E81A56 /* BSimpleToast */ = {
			isa = PBXGroup;
			children = (
				46BD2E08267B8F1D00E81A56 /* AppDelegate.swift */,
				46BD2E0A267B8F1D00E81A56 /* SceneDelegate.swift */,
				46BD2E0C267B8F1D00E81A56 /* ViewController.swift */,
				46BD2E0E267B8F1D00E81A56 /* Main.storyboard */,
				46BD2E11267B8F1E00E81A56 /* Assets.xcassets */,
				46BD2E13267B8F1E00E81A56 /* LaunchScreen.storyboard */,
				46BD2E16267B8F1E00E81A56 /* Info.plist */,
				46BD2E1D267B8F3300E81A56 /* BSimpleToast.swift */,
			);
			path = BSimpleToast;
			sourceTree = "<group>";
		};
/* End PBXGroup section */

/* Begin PBXNativeTarget section */
		46BD2E04267B8F1D00E81A56 /* BSimpleToast */ = {
			isa = PBXNativeTarget;
			buildConfigurationList = 46BD2E19267B8F1E00E81A56 /* Build configuration list for PBXNativeTarget "BSimpleToast" */;
			buildPhases = (
				46BD2E01267B8F1D00E81A56 /* Sources */,
				46BD2E02267B8F1D00E81A56 /* Frameworks */,
				46BD2E03267B8F1D00E81A56 /* Resources */,
			);
			buildRules = (
			);
			dependencies = (
			);
			name = BSimpleToast;
			productName = BSimpleToast;
			productReference = 46BD2E05267B8F1D00E81A56 /* BSimpleToast.app */;
			productType = "com.apple.product-type.application";
		};
/* End PBXNativeTarget section */

/* Begin PBXProject section */
		46BD2DFD267B8F1D00E81A56 /* Project object */ = {
			isa = PBXProject;
			attributes = {
				LastSwiftUpdateCheck = 1220;
				LastUpgradeCheck = 1220;
				TargetAttributes = {
					46BD2E04267B8F1D00E81A56 = {
						CreatedOnToolsVersion = 12.2;
					};
				};
			};
			buildConfigurationList = 46BD2E00267B8F1D00E81A56 /* Build configuration list for PBXProject "BSimpleToast" */;
			compatibilityVersion = "Xcode 9.3";
			developmentRegion = en;
			hasScannedForEncodings = 0;
			knownRegions = (
				en,
				Base,
			);
			mainGroup = 46BD2DFC267B8F1D00E81A56;
			productRefGroup = 46BD2E06267B8F1D00E81A56 /* Products */;
			projectDirPath = "";
			projectRoot = "";
			targets = (
				46BD2E04267B8F1D00E81A56 /* BSimpleToast */,
			);
		};
/* End PBXProject section */

/* Begin PBXResourcesBuildPhase section */
		46BD2E03267B8F1D00E81A56 /* Resources */ = {
			isa = PBXResourcesBuildPhase;
			buildActionMask = 2147483647;
			files = (
				46BD2E15267B8F1E00E81A56 /* LaunchScreen.storyboard in Resources */,
				46BD2E12267B8F1E00E81A56 /* Assets.xcassets in Resources */,
				46BD2E10267B8F1D00E81A56 /* Main.storyboard in Resources */,
			);
			runOnlyForDeploymentPostprocessing = 0;
		};
/* End PBXResourcesBuildPhase section */

/* Begin PBXSourcesBuildPhase section */
		46BD2E01267B8F1D00E81A56 /* Sources */ = {
			isa = PBXSourcesBuildPhase;
			buildActionMask = 2147483647;
			files = (
				46BD2E1E267B8F3300E81A56 /* BSimpleToast.swift in Sources */,
				46BD2E0D267B8F1D00E81A56 /* ViewController.swift in Sources */,
				46BD2E09267B8F1D00E81A56 /* AppDelegate.swift in Sources */,
				46BD2E0B267B8F1D00E81A56 /* SceneDelegate.swift in Sources */,
			);
			runOnlyForDeploymentPostprocessing = 0;
		};
/* End PBXSourcesBuildPhase section */

/* Begin PBXVariantGroup section */
		46BD2E0E267B8F1D00E81A56 /* Main.storyboard */ = {
			isa = PBXVariantGroup;
			children = (
				46BD2E0F267B8F1D00E81A56 /* Base */,
			);
			name = Main.storyboard;
			sourceTree = "<group>";
		};
		46BD2E13267B8F1E00E81A56 /* LaunchScreen.storyboard */ = {
			isa = PBXVariantGroup;
			children = (
				46BD2E14267B8F1E00E81A56 /* Base */,
			);
			name = LaunchScreen.storyboard;
			sourceTree = "<group>";
		};
/* End PBXVariantGroup section */

/* Begin XCBuildConfiguration section */
		46BD2E17267B8F1E00E81A56 /* Debug */ = {
			isa = XCBuildConfiguration;
			buildSettings = {
				ALWAYS_SEARCH_USER_PATHS = NO;
				CLANG_ANALYZER_NONNULL = YES;
				CLANG_ANALYZER_NUMBER_OBJECT_CONVERSION = YES_AGGRESSIVE;
				CLANG_CXX_LANGUAGE_STANDARD = "gnu++14";
				CLANG_CXX_LIBRARY = "libc++";
				CLANG_ENABLE_MODULES = YES;
				CLANG_ENABLE_OBJC_ARC = YES;
				CLANG_ENABLE_OBJC_WEAK = YES;
				CLANG_WARN_BLOCK_CAPTURE_AUTORELEASING = YES;
				CLANG_WARN_BOOL_CONVERSION = YES;
				CLANG_WARN_COMMA = YES;
				CLANG_WARN_CONSTANT_CONVERSION = YES;
				CLANG_WARN_DEPRECATED_OBJC_IMPLEMENTATIONS = YES;
				CLANG_WARN_DIRECT_OBJC_ISA_USAGE = YES_ERROR;
				CLANG_WARN_DOCUMENTATION_COMMENTS = YES;
				CLANG_WARN_EMPTY_BODY = YES;
				CLANG_WARN_ENUM_CONVERSION = YES;
				CLANG_WARN_INFINITE_RECURSION = YES;
				CLANG_WARN_INT_CONVERSION = YES;
				CLANG_WARN_NON_LITERAL_NULL_CONVERSION = YES;
				CLANG_WARN_OBJC_IMPLICIT_RETAIN_SELF = YES;
				CLANG_WARN_OBJC_LITERAL_CONVERSION = YES;
				CLANG_WARN_OBJC_ROOT_CLASS = YES_ERROR;
				CLANG_WARN_QUOTED_INCLUDE_IN_FRAMEWORK_HEADER = YES;
				CLANG_WARN_RANGE_LOOP_ANALYSIS = YES;
				CLANG_WARN_STRICT_PROTOTYPES = YES;
				CLANG_WARN_SUSPICIOUS_MOVE = YES;
				CLANG_WARN_UNGUARDED_AVAILABILITY = YES_AGGRESSIVE;
				CLANG_WARN_UNREACHABLE_CODE = YES;
				CLANG_WARN__DUPLICATE_METHOD_MATCH = YES;
				COPY_PHASE_STRIP = NO;
				DEBUG_INFORMATION_FORMAT = dwarf;
				ENABLE_STRICT_OBJC_MSGSEND = YES;
				ENABLE_TESTABILITY = YES;
				GCC_C_LANGUAGE_STANDARD = gnu11;
				GCC_DYNAMIC_NO_PIC = NO;
				GCC_NO_COMMON_BLOCKS = YES;
				GCC_OPTIMIZATION_LEVEL = 0;
				GCC_PREPROCESSOR_DEFINITIONS = (
					"DEBUG=1",
					"$(inherited)",
				);
				GCC_WARN_64_TO_32_BIT_CONVERSION = YES;
				GCC_WARN_ABOUT_RETURN_TYPE = YES_ERROR;
				GCC_WARN_UNDECLARED_SELECTOR = YES;
				GCC_WARN_UNINITIALIZED_AUTOS = YES_AGGRESSIVE;
				GCC_WARN_UNUSED_FUNCTION = YES;
				GCC_WARN_UNUSED_VARIABLE = YES;
				IPHONEOS_DEPLOYMENT_TARGET = 14.2;
				MTL_ENABLE_DEBUG_INFO = INCLUDE_SOURCE;
				MTL_FAST_MATH = YES;
				ONLY_ACTIVE_ARCH = YES;
				SDKROOT = iphoneos;
				SWIFT_ACTIVE_COMPILATION_CONDITIONS = DEBUG;
				SWIFT_OPTIMIZATION_LEVEL = "-Onone";
			};
			name = Debug;
		};
		46BD2E18267B8F1E00E81A56 /* Release */ = {
			isa = XCBuildConfiguration;
			buildSettings = {
				ALWAYS_SEARCH_USER_PATHS = NO;
				CLANG_ANALYZER_NONNULL = YES;
				CLANG_ANALYZER_NUMBER_OBJECT_CONVERSION = YES_AGGRESSIVE;
				CLANG_CXX_LANGUAGE_STANDARD = "gnu++14";
				CLANG_CXX_LIBRARY = "libc++";
				CLANG_ENABLE_MODULES = YES;
				CLANG_ENABLE_OBJC_ARC = YES;
				CLANG_ENABLE_OBJC_WEAK = YES;
				CLANG_WARN_BLOCK_CAPTURE_AUTORELEASING = YES;
				CLANG_WARN_BOOL_CONVERSION = YES;
				CLANG_WARN_COMMA = YES;
				CLANG_WARN_CONSTANT_CONVERSION = YES;
				CLANG_WARN_DEPRECATED_OBJC_IMPLEMENTATIONS = YES;
				CLANG_WARN_DIRECT_OBJC_ISA_USAGE = YES_ERROR;
				CLANG_WARN_DOCUMENTATION_COMMENTS = YES;
				CLANG_WARN_EMPTY_BODY = YES;
				CLANG_WARN_ENUM_CONVERSION = YES;
				CLANG_WARN_INFINITE_RECURSION = YES;
				CLANG_WARN_INT_CONVERSION = YES;
				CLANG_WARN_NON_LITERAL_NULL_CONVERSION = YES;
				CLANG_WARN_OBJC_IMPLICIT_RETAIN_SELF = YES;
				CLANG_WARN_OBJC_LITERAL_CONVERSION = YES;
				CLANG_WARN_OBJC_ROOT_CLASS = YES_ERROR;
				CLANG_WARN_QUOTED_INCLUDE_IN_FRAMEWORK_HEADER = YES;
				CLANG_WARN_RANGE_LOOP_ANALYSIS = YES;
				CLANG_WARN_STRICT_PROTOTYPES = YES;
				CLANG_WARN_SUSPICIOUS_MOVE = YES;
				CLANG_WARN_UNGUARDED_AVAILABILITY = YES_AGGRESSIVE;
				CLANG_WARN_UNREACHABLE_CODE = YES;
				CLANG_WARN__DUPLICATE_METHOD_MATCH = YES;
				COPY_PHASE_STRIP = NO;
				DEBUG_INFORMATION_FORMAT = "dwarf-with-dsym";
				ENABLE_NS_ASSERTIONS = NO;
				ENABLE_STRICT_OBJC_MSGSEND = YES;
				GCC_C_LANGUAGE_STANDARD = gnu11;
				GCC_NO_COMMON_BLOCKS = YES;
				GCC_WARN_64_TO_32_BIT_CONVERSION = YES;
				GCC_WARN_ABOUT_RETURN_TYPE = YES_ERROR;
				GCC_WARN_UNDECLARED_SELECTOR = YES;
				GCC_WARN_UNINITIALIZED_AUTOS = YES_AGGRESSIVE;
				GCC_WARN_UNUSED_FUNCTION = YES;
				GCC_WARN_UNUSED_VARIABLE = YES;
				IPHONEOS_DEPLOYMENT_TARGET = 14.2;
				MTL_ENABLE_DEBUG_INFO = NO;
				MTL_FAST_MATH = YES;
				SDKROOT = iphoneos;
				SWIFT_COMPILATION_MODE = wholemodule;
				SWIFT_OPTIMIZATION_LEVEL = "-O";
				VALIDATE_PRODUCT = YES;
			};
			name = Release;
		};
		46BD2E1A267B8F1E00E81A56 /* Debug */ = {
			isa = XCBuildConfiguration;
			buildSettings = {
				ASSETCATALOG_COMPILER_APPICON_NAME = AppIcon;
				ASSETCATALOG_COMPILER_GLOBAL_ACCENT_COLOR_NAME = AccentColor;
				CODE_SIGN_STYLE = Automatic;
				DEVELOPMENT_TEAM = 79399T3H3C;
				INFOPLIST_FILE = BSimpleToast/Info.plist;
				LD_RUNPATH_SEARCH_PATHS = (
					"$(inherited)",
					"@executable_path/Frameworks",
				);
				PRODUCT_BUNDLE_IDENTIFIER = YCStudio.com.BSimpleToast;
				PRODUCT_NAME = "$(TARGET_NAME)";
				SWIFT_VERSION = 5.0;
				TARGETED_DEVICE_FAMILY = "1,2";
			};
			name = Debug;
		};
		46BD2E1B267B8F1E00E81A56 /* Release */ = {
			isa = XCBuildConfiguration;
			buildSettings = {
				ASSETCATALOG_COMPILER_APPICON_NAME = AppIcon;
				ASSETCATALOG_COMPILER_GLOBAL_ACCENT_COLOR_NAME = AccentColor;
				CODE_SIGN_STYLE = Automatic;
				DEVELOPMENT_TEAM = 79399T3H3C;
				INFOPLIST_FILE = BSimpleToast/Info.plist;
				LD_RUNPATH_SEARCH_PATHS = (
					"$(inherited)",
					"@executable_path/Frameworks",
				);
				PRODUCT_BUNDLE_IDENTIFIER = YCStudio.com.BSimpleToast;
				PRODUCT_NAME = "$(TARGET_NAME)";
				SWIFT_VERSION = 5.0;
				TARGETED_DEVICE_FAMILY = "1,2";
			};
			name = Release;
		};
/* End XCBuildConfiguration section */

/* Begin XCConfigurationList section */
		46BD2E00267B8F1D00E81A56 /* Build configuration list for PBXProject "BSimpleToast" */ = {
			isa = XCConfigurationList;
			buildConfigurations = (
				46BD2E17267B8F1E00E81A56 /* Debug */,
				46BD2E18267B8F1E00E81A56 /* Release */,
			);
			defaultConfigurationIsVisible = 0;
			defaultConfigurationName = Release;
		};
		46BD2E19267B8F1E00E81A56 /* Build configuration list for PBXNativeTarget "BSimpleToast" */ = {
			isa = XCConfigurationList;
			buildConfigurations = (
				46BD2E1A267B8F1E00E81A56 /* Debug */,
				46BD2E1B267B8F1E00E81A56 /* Release */,
			);
			defaultConfigurationIsVisible = 0;
			defaultConfigurationName = Release;
		};
/* End XCConfigurationList section */
	};
	rootObject = 46BD2DFD267B8F1D00E81A56 /* Project object */;
}
